// !$*UTF8*$!
{
	archiveVersion = 1;
	classes = {
	};
	objectVersion = 56;
	objects = {

/* Begin PBXBuildFile section */
		164B93BCE9B64DA28F017D27 /* Activity.swift in Sources */ = {isa = PBXBuildFile; fileRef = CB39561E92784D9CB3DAA446 /* Activity.swift */; };
		32C7289744ED44C78185F341 /* TravellifyApp.swift in Sources */ = {isa = PBXBuildFile; fileRef = AECF7BF1958445ABAE8DBB1C /* TravellifyApp.swift */; };
		4A51F3AAEB8F4855B1786D48 /* Destination.swift in Sources */ = {isa = PBXBuildFile; fileRef = F2AAD8A4A4E44884A3B29AC9 /* Destination.swift */; };
		7959EC94BAE94FA081E94236 /* Assets.xcassets in Resources */ = {isa = PBXBuildFile; fileRef = 4624762CA03944AD9F343273 /* Assets.xcassets */; };
		82E05B42C9FA4F7FB0742F3C /* PreviewContainer.swift in Sources */ = {isa = PBXBuildFile; fileRef = 00393B58B34D4064ACE82273 /* PreviewContainer.swift */; };
		9606D2561BA244CE80053A3C /* Trip.swift in Sources */ = {isa = PBXBuildFile; fileRef = 2548A0F099E74ECAA4F4BDAC /* Trip.swift */; };
		A03B541307164A308252F470 /* SmokeTests.swift in Sources */ = {isa = PBXBuildFile; fileRef = 5F81BBF1C8304F2A93A9BB45 /* SmokeTests.swift */; };
		A10203A1B1C241829A0B5007 /* DocumentImporter.swift in Sources */ = {isa = PBXBuildFile; fileRef = B10203A1B1C241829A0B5008 /* DocumentImporter.swift */; };
		A1B2C3D4E5F641829A0B1C2E /* TripDetailTab.swift in Sources */ = {isa = PBXBuildFile; fileRef = B2C3D4E5F6A741829A0B1C2F /* TripDetailTab.swift */; };
		A20204B2C2D341829A0B6001 /* PDFKitView.swift in Sources */ = {isa = PBXBuildFile; fileRef = B20204B2C2D341829A0B6002 /* PDFKitView.swift */; };
		A2B3C4D5E6F741829A0B3001 /* FileStorage.swift in Sources */ = {isa = PBXBuildFile; fileRef = B3C4D5E6F7A841829A0B3002 /* FileStorage.swift */; };
		A30204B2C2D341829A0B6003 /* DocumentViewer.swift in Sources */ = {isa = PBXBuildFile; fileRef = B30204B2C2D341829A0B6004 /* DocumentViewer.swift */; };
		A7B8C9DAEBFC41829A0B2101 /* TripTests.swift in Sources */ = {isa = PBXBuildFile; fileRef = B8C9DAEBFC0D41829A0B2102 /* TripTests.swift */; };
		AA0203A1B1C241829A0B5001 /* ScanView.swift in Sources */ = {isa = PBXBuildFile; fileRef = BB0203A1B1C241829A0B5002 /* ScanView.swift */; };
		AC1F76BACD9B45BC895B3F3E /* TripListView.swift in Sources */ = {isa = PBXBuildFile; fileRef = 44A46C12EA2F42C9B432262C /* TripListView.swift */; };
		ADC768AD023D427DAB36400D /* Document.swift in Sources */ = {isa = PBXBuildFile; fileRef = BAA19DC35A7E403C82B2A2C1 /* Document.swift */; };
		B1A3C4D5E6F741829A0B1C2D /* DestinationDraft.swift in Sources */ = {isa = PBXBuildFile; fileRef = C2D3E4F5A6B741829A0B1C2E /* DestinationDraft.swift */; };
		B9CADBECFD0E41829A0B4005 /* DocumentListView.swift in Sources */ = {isa = PBXBuildFile; fileRef = CADBECFD0E1F41829A0B4006 /* DocumentListView.swift */; };
		BFFB13523EEA457D8CA29242 /* TripEmptyState.swift in Sources */ = {isa = PBXBuildFile; fileRef = 0E87B7FBF20644EBB0EEF22C /* TripEmptyState.swift */; };
		C3D4E5F6A7B841829A0B1C30 /* TripDetailHeader.swift in Sources */ = {isa = PBXBuildFile; fileRef = D4E5F6A7B8C941829A0B1C31 /* TripDetailHeader.swift */; };
		C6DDDD0B27464CC9903FB903 /* TripRow.swift in Sources */ = {isa = PBXBuildFile; fileRef = 5AC83BDE03704AC794C50953 /* TripRow.swift */; };
		C9DAEBFC0D1E41829A0B2201 /* SchemaTests.swift in Sources */ = {isa = PBXBuildFile; fileRef = DAEBFC0D1E2F41829A0B2202 /* SchemaTests.swift */; };
		CC0203A1B1C241829A0B5003 /* ScanPDFAssembler.swift in Sources */ = {isa = PBXBuildFile; fileRef = DD0203A1B1C241829A0B5004 /* ScanPDFAssembler.swift */; };
		D5E6F7A8B9CA41829A0B4001 /* EmptyDocumentsView.swift in Sources */ = {isa = PBXBuildFile; fileRef = E6F7A8B9CADB41829A0B4002 /* EmptyDocumentsView.swift */; };
		DA8160F4EA8340A3AB48030A /* PackingItem.swift in Sources */ = {isa = PBXBuildFile; fileRef = 38C2043E5EB94875A1F8AAC2 /* PackingItem.swift */; };
		AB1234567890ABCD01234501 /* PackingCategory.swift in Sources */ = {isa = PBXBuildFile; fileRef = AB1234567890ABCD01234502 /* PackingCategory.swift */; };
		AB1234567890ABCD01234503 /* PackingListView.swift in Sources */ = {isa = PBXBuildFile; fileRef = AB1234567890ABCD01234504 /* PackingListView.swift */; };
		AB1234567890ABCD01234506 /* EmptyPackingListView.swift in Sources */ = {isa = PBXBuildFile; fileRef = AB1234567890ABCD01234507 /* EmptyPackingListView.swift */; };
		AB1234567890ABCD01234508 /* PackingProgressRow.swift in Sources */ = {isa = PBXBuildFile; fileRef = AB1234567890ABCD01234509 /* PackingProgressRow.swift */; };
		AB1234567890ABCD0123450A /* CategoryHeader.swift in Sources */ = {isa = PBXBuildFile; fileRef = AB1234567890ABCD0123450B /* CategoryHeader.swift */; };
		AB1234567890ABCD0123450C /* PackingRow.swift in Sources */ = {isa = PBXBuildFile; fileRef = AB1234567890ABCD0123450D /* PackingRow.swift */; };
		AB1234567890ABCD0123450C /* PackingRow.swift in Sources */ = {isa = PBXBuildFile; fileRef = AB1234567890ABCD0123450D /* PackingRow.swift */; };
		DAB9EE09C3DE4941957B13A3 /* SchemaV1.swift in Sources */ = {isa = PBXBuildFile; fileRef = CE033F3DAFC84CB69D4BF232 /* SchemaV1.swift */; };
		E5F6A7B8C9DA41829A0B1D32 /* TripPartition.swift in Sources */ = {isa = PBXBuildFile; fileRef = F6A7B8C9DAEB41829A0B1D33 /* TripPartition.swift */; };
		AD0401020304050607080901 /* ActivityDateLabels.swift in Sources */ = {isa = PBXBuildFile; fileRef = AD0401020304050607080902 /* ActivityDateLabels.swift */; };
		AD0402030405060708090A01 /* ActivityEditSheet.swift in Sources */ = {isa = PBXBuildFile; fileRef = AD0402030405060708090A02 /* ActivityEditSheet.swift */; };
		AD0403010203040506070801 /* ActivityRow.swift in Sources */ = {isa = PBXBuildFile; fileRef = AD0403010203040506070802 /* ActivityRow.swift */; };
		AD0403010203040506070803 /* ActivityDayHeader.swift in Sources */ = {isa = PBXBuildFile; fileRef = AD0403010203040506070804 /* ActivityDayHeader.swift */; };
		AD0403010203040506070805 /* EmptyActivitiesView.swift in Sources */ = {isa = PBXBuildFile; fileRef = AD0403010203040506070806 /* EmptyActivitiesView.swift */; };
		AD0403010203040506070807 /* ActivityListView.swift in Sources */ = {isa = PBXBuildFile; fileRef = AD0403010203040506070808 /* ActivityListView.swift */; };
		AD0403010203040506070809 /* ActivityGroupingTests.swift in Sources */ = {isa = PBXBuildFile; fileRef = AD040301020304050607080A /* ActivityGroupingTests.swift */; };
		AD040301020304050607080B /* DayLabelTests.swift in Sources */ = {isa = PBXBuildFile; fileRef = AD040301020304050607080C /* DayLabelTests.swift */; };
		AD0501010203040506070801 /* ReminderSchemaTests.swift in Sources */ = {isa = PBXBuildFile; fileRef = AD0501010203040506070802 /* ReminderSchemaTests.swift */; };
		AD050102030405060708090A /* ReminderLeadTime.swift in Sources */ = {isa = PBXBuildFile; fileRef = AD050102030405060708090B /* ReminderLeadTime.swift */; };
		AD050102030405060708090C /* ReminderFireDate.swift in Sources */ = {isa = PBXBuildFile; fileRef = AD050102030405060708090D /* ReminderFireDate.swift */; };
		AD050102030405060708090E /* ReminderFireDateTests.swift in Sources */ = {isa = PBXBuildFile; fileRef = AD050102030405060708090F /* ReminderFireDateTests.swift */; };
		E79341E6B2E64A93B936E0EF /* ContentView.swift in Sources */ = {isa = PBXBuildFile; fileRef = C45B3032E22843EB8E8CEEEA /* ContentView.swift */; };
		EBFC0D1E2F3041829A0B2301 /* PartitionTests.swift in Sources */ = {isa = PBXBuildFile; fileRef = FC0D1E2F304141829A0B2302 /* PartitionTests.swift */; };
		EC08EB1AE6974849AD6524CA /* AppDestination.swift in Sources */ = {isa = PBXBuildFile; fileRef = 0A0B181D57824CCEA1807469 /* AppDestination.swift */; };
		EE0203A1B1C241829A0B5005 /* FilesImporter.swift in Sources */ = {isa = PBXBuildFile; fileRef = FF0203A1B1C241829A0B5006 /* FilesImporter.swift */; };
		F1A2B3C4D5E641829A0B7001 /* tiny-jpeg.jpg in Resources */ = {isa = PBXBuildFile; fileRef = F2A2B3C4D5E641829A0B7002 /* tiny-jpeg.jpg */; };
		F3A2B3C4D5E641829A0B7003 /* tiny-heic.heic in Resources */ = {isa = PBXBuildFile; fileRef = F4A2B3C4D5E641829A0B7004 /* tiny-heic.heic */; };
		F5A2B3C4D5E641829A0B7005 /* tiny-pdf.pdf in Resources */ = {isa = PBXBuildFile; fileRef = F6A2B3C4D5E641829A0B7006 /* tiny-pdf.pdf */; };
		F5AFBD3FA12441FA90797834 /* TripDetailView.swift in Sources */ = {isa = PBXBuildFile; fileRef = D03DF1084CE24F7898565D30 /* TripDetailView.swift */; };
		F7A2B3C4D5E641829A0B7007 /* FileStorageTests.swift in Sources */ = {isa = PBXBuildFile; fileRef = F8A2B3C4D5E641829A0B7008 /* FileStorageTests.swift */; };
		F7A8B9CADBEC41829A0B4003 /* DocumentRow.swift in Sources */ = {isa = PBXBuildFile; fileRef = A8B9CADBECFD41829A0B4004 /* DocumentRow.swift */; };
		A1B2C3D4E5F641829A0B8001 /* DocumentThumbnail.swift in Sources */ = {isa = PBXBuildFile; fileRef = A1B2C3D4E5F641829A0B8002 /* DocumentThumbnail.swift */; };
		F9A2B3C4D5E641829A0B7009 /* DocumentTests.swift in Sources */ = {isa = PBXBuildFile; fileRef = FAA2B3C4D5E641829A0B700A /* DocumentTests.swift */; };
		FBA2B3C4D5E641829A0B700B /* ImportTests.swift in Sources */ = {isa = PBXBuildFile; fileRef = FCA2B3C4D5E641829A0B700C /* ImportTests.swift */; };
		FDA2B3C4D5E641829A0B700D /* ViewerTests.swift in Sources */ = {isa = PBXBuildFile; fileRef = FEA2B3C4D5E641829A0B700E /* ViewerTests.swift */; };
		FE0CC29EFA4C4426AEE16AAD /* TripEditSheet.swift in Sources */ = {isa = PBXBuildFile; fileRef = 9CB9AE41214545A6B00DE945 /* TripEditSheet.swift */; };
		AA0304010203040506070801 /* PackingTests.swift in Sources */ = {isa = PBXBuildFile; fileRef = AA0304010203040506070802 /* PackingTests.swift */; };
		AD0402020304050607081001 /* ActivityTests.swift in Sources */ = {isa = PBXBuildFile; fileRef = AD0402020304050607081002 /* ActivityTests.swift */; };
		AA0304010203040506070803 /* PackingProgressTests.swift in Sources */ = {isa = PBXBuildFile; fileRef = AA0304010203040506070804 /* PackingProgressTests.swift */; };
		AD0404010203040506070801 /* NextUpcomingTests.swift in Sources */ = {isa = PBXBuildFile; fileRef = AD0404010203040506070802 /* NextUpcomingTests.swift */; };
/* End PBXBuildFile section */

/* Begin PBXContainerItemProxy section */
		2F43BC46A6D24E0B855282A3 /* PBXContainerItemProxy */ = {
			isa = PBXContainerItemProxy;
			containerPortal = 62710A3C58FE4A9E956301EB /* Project object */;
			proxyType = 1;
			remoteGlobalIDString = 3D1052717A9C44B78AE1DB74;
			remoteInfo = Travellify;
		};
/* End PBXContainerItemProxy section */

/* Begin PBXFileReference section */
		00393B58B34D4064ACE82273 /* PreviewContainer.swift */ = {isa = PBXFileReference; lastKnownFileType = sourcecode.swift; path = PreviewContainer.swift; sourceTree = "<group>"; };
		AD0401020304050607080902 /* ActivityDateLabels.swift */ = {isa = PBXFileReference; lastKnownFileType = sourcecode.swift; path = ActivityDateLabels.swift; sourceTree = "<group>"; };
		AD0402030405060708090A02 /* ActivityEditSheet.swift */ = {isa = PBXFileReference; lastKnownFileType = sourcecode.swift; path = ActivityEditSheet.swift; sourceTree = "<group>"; };
		AD0403010203040506070802 /* ActivityRow.swift */ = {isa = PBXFileReference; lastKnownFileType = sourcecode.swift; path = ActivityRow.swift; sourceTree = "<group>"; };
		AD0403010203040506070804 /* ActivityDayHeader.swift */ = {isa = PBXFileReference; lastKnownFileType = sourcecode.swift; path = ActivityDayHeader.swift; sourceTree = "<group>"; };
		AD0403010203040506070806 /* EmptyActivitiesView.swift */ = {isa = PBXFileReference; lastKnownFileType = sourcecode.swift; path = EmptyActivitiesView.swift; sourceTree = "<group>"; };
		AD0403010203040506070808 /* ActivityListView.swift */ = {isa = PBXFileReference; lastKnownFileType = sourcecode.swift; path = ActivityListView.swift; sourceTree = "<group>"; };
		AD040301020304050607080A /* ActivityGroupingTests.swift */ = {isa = PBXFileReference; lastKnownFileType = sourcecode.swift; path = ActivityGroupingTests.swift; sourceTree = "<group>"; };
		AD040301020304050607080C /* DayLabelTests.swift */ = {isa = PBXFileReference; lastKnownFileType = sourcecode.swift; path = DayLabelTests.swift; sourceTree = "<group>"; };
		AD0501010203040506070802 /* ReminderSchemaTests.swift */ = {isa = PBXFileReference; lastKnownFileType = sourcecode.swift; path = ReminderSchemaTests.swift; sourceTree = "<group>"; };
		AD050102030405060708090B /* ReminderLeadTime.swift */ = {isa = PBXFileReference; lastKnownFileType = sourcecode.swift; path = ReminderLeadTime.swift; sourceTree = "<group>"; };
		AD050102030405060708090D /* ReminderFireDate.swift */ = {isa = PBXFileReference; lastKnownFileType = sourcecode.swift; path = ReminderFireDate.swift; sourceTree = "<group>"; };
		AD050102030405060708090F /* ReminderFireDateTests.swift */ = {isa = PBXFileReference; lastKnownFileType = sourcecode.swift; path = ReminderFireDateTests.swift; sourceTree = "<group>"; };
		0A0B181D57824CCEA1807469 /* AppDestination.swift */ = {isa = PBXFileReference; lastKnownFileType = sourcecode.swift; path = AppDestination.swift; sourceTree = "<group>"; };
		0E87B7FBF20644EBB0EEF22C /* TripEmptyState.swift */ = {isa = PBXFileReference; lastKnownFileType = sourcecode.swift; path = TripEmptyState.swift; sourceTree = "<group>"; };
		2548A0F099E74ECAA4F4BDAC /* Trip.swift */ = {isa = PBXFileReference; lastKnownFileType = sourcecode.swift; path = Trip.swift; sourceTree = "<group>"; };
		38C2043E5EB94875A1F8AAC2 /* PackingItem.swift */ = {isa = PBXFileReference; lastKnownFileType = sourcecode.swift; path = PackingItem.swift; sourceTree = "<group>"; };
		AB1234567890ABCD01234502 /* PackingCategory.swift */ = {isa = PBXFileReference; lastKnownFileType = sourcecode.swift; path = PackingCategory.swift; sourceTree = "<group>"; };
		AB1234567890ABCD01234504 /* PackingListView.swift */ = {isa = PBXFileReference; lastKnownFileType = sourcecode.swift; path = PackingListView.swift; sourceTree = "<group>"; };
		AB1234567890ABCD01234507 /* EmptyPackingListView.swift */ = {isa = PBXFileReference; lastKnownFileType = sourcecode.swift; path = EmptyPackingListView.swift; sourceTree = "<group>"; };
		AB1234567890ABCD01234509 /* PackingProgressRow.swift */ = {isa = PBXFileReference; lastKnownFileType = sourcecode.swift; path = PackingProgressRow.swift; sourceTree = "<group>"; };
		AB1234567890ABCD0123450B /* CategoryHeader.swift */ = {isa = PBXFileReference; lastKnownFileType = sourcecode.swift; path = CategoryHeader.swift; sourceTree = "<group>"; };
		AB1234567890ABCD0123450D /* PackingRow.swift */ = {isa = PBXFileReference; lastKnownFileType = sourcecode.swift; path = PackingRow.swift; sourceTree = "<group>"; };
		44A46C12EA2F42C9B432262C /* TripListView.swift */ = {isa = PBXFileReference; lastKnownFileType = sourcecode.swift; path = TripListView.swift; sourceTree = "<group>"; };
		4624762CA03944AD9F343273 /* Assets.xcassets */ = {isa = PBXFileReference; lastKnownFileType = folder.assetcatalog; path = Assets.xcassets; sourceTree = "<group>"; };
		5AC83BDE03704AC794C50953 /* TripRow.swift */ = {isa = PBXFileReference; lastKnownFileType = sourcecode.swift; path = TripRow.swift; sourceTree = "<group>"; };
		5F81BBF1C8304F2A93A9BB45 /* SmokeTests.swift */ = {isa = PBXFileReference; lastKnownFileType = sourcecode.swift; path = SmokeTests.swift; sourceTree = "<group>"; };
		8B62FF173AE841D5A7C3D845 /* Travellify.app */ = {isa = PBXFileReference; explicitFileType = wrapper.application; includeInIndex = 0; path = Travellify.app; sourceTree = BUILT_PRODUCTS_DIR; };
		9CB9AE41214545A6B00DE945 /* TripEditSheet.swift */ = {isa = PBXFileReference; lastKnownFileType = sourcecode.swift; path = TripEditSheet.swift; sourceTree = "<group>"; };
		A8B9CADBECFD41829A0B4004 /* DocumentRow.swift */ = {isa = PBXFileReference; lastKnownFileType = sourcecode.swift; path = DocumentRow.swift; sourceTree = "<group>"; };
		A1B2C3D4E5F641829A0B8002 /* DocumentThumbnail.swift */ = {isa = PBXFileReference; lastKnownFileType = sourcecode.swift; path = DocumentThumbnail.swift; sourceTree = "<group>"; };
		AECF7BF1958445ABAE8DBB1C /* TravellifyApp.swift */ = {isa = PBXFileReference; lastKnownFileType = sourcecode.swift; path = TravellifyApp.swift; sourceTree = "<group>"; };
		B10203A1B1C241829A0B5008 /* DocumentImporter.swift */ = {isa = PBXFileReference; lastKnownFileType = sourcecode.swift; path = DocumentImporter.swift; sourceTree = "<group>"; };
		B20204B2C2D341829A0B6002 /* PDFKitView.swift */ = {isa = PBXFileReference; lastKnownFileType = sourcecode.swift; path = PDFKitView.swift; sourceTree = "<group>"; };
		B2C3D4E5F6A741829A0B1C2F /* TripDetailTab.swift */ = {isa = PBXFileReference; lastKnownFileType = sourcecode.swift; path = TripDetailTab.swift; sourceTree = "<group>"; };
		B30204B2C2D341829A0B6004 /* DocumentViewer.swift */ = {isa = PBXFileReference; lastKnownFileType = sourcecode.swift; path = DocumentViewer.swift; sourceTree = "<group>"; };
		B3C4D5E6F7A841829A0B3002 /* FileStorage.swift */ = {isa = PBXFileReference; lastKnownFileType = sourcecode.swift; path = FileStorage.swift; sourceTree = "<group>"; };
		B8C9DAEBFC0D41829A0B2102 /* TripTests.swift */ = {isa = PBXFileReference; lastKnownFileType = sourcecode.swift; path = TripTests.swift; sourceTree = "<group>"; };
		BAA19DC35A7E403C82B2A2C1 /* Document.swift */ = {isa = PBXFileReference; lastKnownFileType = sourcecode.swift; path = Document.swift; sourceTree = "<group>"; };
		BB0203A1B1C241829A0B5002 /* ScanView.swift */ = {isa = PBXFileReference; lastKnownFileType = sourcecode.swift; path = ScanView.swift; sourceTree = "<group>"; };
		C2D3E4F5A6B741829A0B1C2E /* DestinationDraft.swift */ = {isa = PBXFileReference; lastKnownFileType = sourcecode.swift; path = DestinationDraft.swift; sourceTree = "<group>"; };
		C45B3032E22843EB8E8CEEEA /* ContentView.swift */ = {isa = PBXFileReference; lastKnownFileType = sourcecode.swift; path = ContentView.swift; sourceTree = "<group>"; };
		CADBECFD0E1F41829A0B4006 /* DocumentListView.swift */ = {isa = PBXFileReference; lastKnownFileType = sourcecode.swift; path = DocumentListView.swift; sourceTree = "<group>"; };
		CB39561E92784D9CB3DAA446 /* Activity.swift */ = {isa = PBXFileReference; lastKnownFileType = sourcecode.swift; path = Activity.swift; sourceTree = "<group>"; };
		CE033F3DAFC84CB69D4BF232 /* SchemaV1.swift */ = {isa = PBXFileReference; lastKnownFileType = sourcecode.swift; path = SchemaV1.swift; sourceTree = "<group>"; };
		D03DF1084CE24F7898565D30 /* TripDetailView.swift */ = {isa = PBXFileReference; lastKnownFileType = sourcecode.swift; path = TripDetailView.swift; sourceTree = "<group>"; };
		D4E5F6A7B8C941829A0B1C31 /* TripDetailHeader.swift */ = {isa = PBXFileReference; lastKnownFileType = sourcecode.swift; path = TripDetailHeader.swift; sourceTree = "<group>"; };
		DAEBFC0D1E2F41829A0B2202 /* SchemaTests.swift */ = {isa = PBXFileReference; lastKnownFileType = sourcecode.swift; path = SchemaTests.swift; sourceTree = "<group>"; };
		DD0203A1B1C241829A0B5004 /* ScanPDFAssembler.swift */ = {isa = PBXFileReference; lastKnownFileType = sourcecode.swift; path = ScanPDFAssembler.swift; sourceTree = "<group>"; };
		E6F7A8B9CADB41829A0B4002 /* EmptyDocumentsView.swift */ = {isa = PBXFileReference; lastKnownFileType = sourcecode.swift; path = EmptyDocumentsView.swift; sourceTree = "<group>"; };
		ED48D319307A48F7885D9E17 /* TravellifyTests.xctest */ = {isa = PBXFileReference; explicitFileType = wrapper.cfbundle; includeInIndex = 0; path = TravellifyTests.xctest; sourceTree = BUILT_PRODUCTS_DIR; };
		F2A2B3C4D5E641829A0B7002 /* tiny-jpeg.jpg */ = {isa = PBXFileReference; lastKnownFileType = image.jpeg; path = "tiny-jpeg.jpg"; sourceTree = "<group>"; };
		F2AAD8A4A4E44884A3B29AC9 /* Destination.swift */ = {isa = PBXFileReference; lastKnownFileType = sourcecode.swift; path = Destination.swift; sourceTree = "<group>"; };
		F4A2B3C4D5E641829A0B7004 /* tiny-heic.heic */ = {isa = PBXFileReference; lastKnownFileType = file; path = "tiny-heic.heic"; sourceTree = "<group>"; };
		F6A2B3C4D5E641829A0B7006 /* tiny-pdf.pdf */ = {isa = PBXFileReference; lastKnownFileType = image.pdf; path = "tiny-pdf.pdf"; sourceTree = "<group>"; };
		F6A7B8C9DAEB41829A0B1D33 /* TripPartition.swift */ = {isa = PBXFileReference; lastKnownFileType = sourcecode.swift; path = TripPartition.swift; sourceTree = "<group>"; };
		F8A2B3C4D5E641829A0B7008 /* FileStorageTests.swift */ = {isa = PBXFileReference; lastKnownFileType = sourcecode.swift; path = FileStorageTests.swift; sourceTree = "<group>"; };
		FAA2B3C4D5E641829A0B700A /* DocumentTests.swift */ = {isa = PBXFileReference; lastKnownFileType = sourcecode.swift; path = DocumentTests.swift; sourceTree = "<group>"; };
		FC0D1E2F304141829A0B2302 /* PartitionTests.swift */ = {isa = PBXFileReference; lastKnownFileType = sourcecode.swift; path = PartitionTests.swift; sourceTree = "<group>"; };
		FCA2B3C4D5E641829A0B700C /* ImportTests.swift */ = {isa = PBXFileReference; lastKnownFileType = sourcecode.swift; path = ImportTests.swift; sourceTree = "<group>"; };
		FEA2B3C4D5E641829A0B700E /* ViewerTests.swift */ = {isa = PBXFileReference; lastKnownFileType = sourcecode.swift; path = ViewerTests.swift; sourceTree = "<group>"; };
		FF0203A1B1C241829A0B5006 /* FilesImporter.swift */ = {isa = PBXFileReference; lastKnownFileType = sourcecode.swift; path = FilesImporter.swift; sourceTree = "<group>"; };
		AA0304010203040506070802 /* PackingTests.swift */ = {isa = PBXFileReference; lastKnownFileType = sourcecode.swift; path = PackingTests.swift; sourceTree = "<group>"; };
		AD0402020304050607081002 /* ActivityTests.swift */ = {isa = PBXFileReference; lastKnownFileType = sourcecode.swift; path = ActivityTests.swift; sourceTree = "<group>"; };
		AA0304010203040506070804 /* PackingProgressTests.swift */ = {isa = PBXFileReference; lastKnownFileType = sourcecode.swift; path = PackingProgressTests.swift; sourceTree = "<group>"; };
		AD0404010203040506070802 /* NextUpcomingTests.swift */ = {isa = PBXFileReference; lastKnownFileType = sourcecode.swift; path = NextUpcomingTests.swift; sourceTree = "<group>"; };
/* End PBXFileReference section */

/* Begin PBXFrameworksBuildPhase section */
		41A2F1C3811A4082930564AB /* Frameworks */ = {
			isa = PBXFrameworksBuildPhase;
			buildActionMask = 2147483647;
			files = (
			);
			runOnlyForDeploymentPostprocessing = 0;
		};
		A99177F6B76443C78E8E5FA4 /* Frameworks */ = {
			isa = PBXFrameworksBuildPhase;
			buildActionMask = 2147483647;
			files = (
			);
			runOnlyForDeploymentPostprocessing = 0;
		};
/* End PBXFrameworksBuildPhase section */

/* Begin PBXGroup section */
		00E216F7ECAA4407B6915ED4 = {
			isa = PBXGroup;
			children = (
				94AC54DBC8244B3396374DC8 /* Travellify */,
				6F9CB64631214585A9EF6ED5 /* TravellifyTests */,
				1A88E7EDCBE647058F78D825 /* Products */,
			);
			sourceTree = "<group>";
		};
		1A88E7EDCBE647058F78D825 /* Products */ = {
			isa = PBXGroup;
			children = (
				8B62FF173AE841D5A7C3D845 /* Travellify.app */,
				ED48D319307A48F7885D9E17 /* TravellifyTests.xctest */,
			);
			name = Products;
			sourceTree = "<group>";
		};
		5562B32A48F5466CB919BC1F /* Features */ = {
			isa = PBXGroup;
			children = (
				57143E37F16B43CF87DDD422 /* Trips */,
				DB0E1F2031425341829A0B50 /* Documents */,
				AB1234567890ABCD01234505 /* Packing */,
				AD0402030405060708090A03 /* Activities */,
			);
			path = Features;
			sourceTree = "<group>";
		};
		AD0402030405060708090A03 /* Activities */ = {
			isa = PBXGroup;
			children = (
				AD0402030405060708090A02 /* ActivityEditSheet.swift */,
				AD0403010203040506070808 /* ActivityListView.swift */,
				AD0403010203040506070802 /* ActivityRow.swift */,
				AD0403010203040506070804 /* ActivityDayHeader.swift */,
				AD0403010203040506070806 /* EmptyActivitiesView.swift */,
			);
			path = Activities;
			sourceTree = "<group>";
		};
		AB1234567890ABCD01234505 /* Packing */ = {
			isa = PBXGroup;
			children = (
				AB1234567890ABCD01234504 /* PackingListView.swift */,
				AB1234567890ABCD01234507 /* EmptyPackingListView.swift */,
				AB1234567890ABCD01234509 /* PackingProgressRow.swift */,
				AB1234567890ABCD0123450B /* CategoryHeader.swift */,
				AB1234567890ABCD0123450D /* PackingRow.swift */,
			);
			path = Packing;
			sourceTree = "<group>";
		};
		57143E37F16B43CF87DDD422 /* Trips */ = {
			isa = PBXGroup;
			children = (
				D03DF1084CE24F7898565D30 /* TripDetailView.swift */,
				B2C3D4E5F6A741829A0B1C2F /* TripDetailTab.swift */,
				D4E5F6A7B8C941829A0B1C31 /* TripDetailHeader.swift */,
				5AC83BDE03704AC794C50953 /* TripRow.swift */,
				0E87B7FBF20644EBB0EEF22C /* TripEmptyState.swift */,
				44A46C12EA2F42C9B432262C /* TripListView.swift */,
				9CB9AE41214545A6B00DE945 /* TripEditSheet.swift */,
				C2D3E4F5A6B741829A0B1C2E /* DestinationDraft.swift */,
				F6A7B8C9DAEB41829A0B1D33 /* TripPartition.swift */,
			);
			path = Trips;
			sourceTree = "<group>";
		};
		68072AD986CE4CD4A1CC2806 /* Models */ = {
			isa = PBXGroup;
			children = (
				CE033F3DAFC84CB69D4BF232 /* SchemaV1.swift */,
				2548A0F099E74ECAA4F4BDAC /* Trip.swift */,
				F2AAD8A4A4E44884A3B29AC9 /* Destination.swift */,
				BAA19DC35A7E403C82B2A2C1 /* Document.swift */,
				38C2043E5EB94875A1F8AAC2 /* PackingItem.swift */,
				AB1234567890ABCD01234502 /* PackingCategory.swift */,
				CB39561E92784D9CB3DAA446 /* Activity.swift */,
			);
			path = Models;
			sourceTree = "<group>";
		};
		6F9CB64631214585A9EF6ED5 /* TravellifyTests */ = {
			isa = PBXGroup;
			children = (
				5F81BBF1C8304F2A93A9BB45 /* SmokeTests.swift */,
				B8C9DAEBFC0D41829A0B2102 /* TripTests.swift */,
				DAEBFC0D1E2F41829A0B2202 /* SchemaTests.swift */,
				FC0D1E2F304141829A0B2302 /* PartitionTests.swift */,
				F8A2B3C4D5E641829A0B7008 /* FileStorageTests.swift */,
				FAA2B3C4D5E641829A0B700A /* DocumentTests.swift */,
				FCA2B3C4D5E641829A0B700C /* ImportTests.swift */,
				FEA2B3C4D5E641829A0B700E /* ViewerTests.swift */,
				AA0304010203040506070802 /* PackingTests.swift */,
				AA0304010203040506070804 /* PackingProgressTests.swift */,
				AD0402020304050607081002 /* ActivityTests.swift */,
				AD040301020304050607080A /* ActivityGroupingTests.swift */,
				AD040301020304050607080C /* DayLabelTests.swift */,
				AD0501010203040506070802 /* ReminderSchemaTests.swift */,
				AD050102030405060708090F /* ReminderFireDateTests.swift */,
				AD0404010203040506070802 /* NextUpcomingTests.swift */,
				FFB3C4D5E6F741829A0B8001 /* Resources */,
			);
			path = TravellifyTests;
			sourceTree = "<group>";
		};
		92B685F2294C44158A8F2A84 /* Shared */ = {
			isa = PBXGroup;
			children = (
				00393B58B34D4064ACE82273 /* PreviewContainer.swift */,
				AD0401020304050607080902 /* ActivityDateLabels.swift */,
				AD050102030405060708090B /* ReminderLeadTime.swift */,
				AD050102030405060708090D /* ReminderFireDate.swift */,
			);
			path = Shared;
			sourceTree = "<group>";
		};
		94AC54DBC8244B3396374DC8 /* Travellify */ = {
			isa = PBXGroup;
			children = (
				BEB48BD077214DF394306B90 /* App */,
				68072AD986CE4CD4A1CC2806 /* Models */,
				92B685F2294C44158A8F2A84 /* Shared */,
				5562B32A48F5466CB919BC1F /* Features */,
				C4D5E6F7A8B941829A0B3003 /* Services */,
				C45B3032E22843EB8E8CEEEA /* ContentView.swift */,
				4624762CA03944AD9F343273 /* Assets.xcassets */,
			);
			path = Travellify;
			sourceTree = "<group>";
		};
		BEB48BD077214DF394306B90 /* App */ = {
			isa = PBXGroup;
			children = (
				AECF7BF1958445ABAE8DBB1C /* TravellifyApp.swift */,
				0A0B181D57824CCEA1807469 /* AppDestination.swift */,
			);
			path = App;
			sourceTree = "<group>";
		};
		C20203A1B1C241829A0B5009 /* Import */ = {
			isa = PBXGroup;
			children = (
				BB0203A1B1C241829A0B5002 /* ScanView.swift */,
				DD0203A1B1C241829A0B5004 /* ScanPDFAssembler.swift */,
				FF0203A1B1C241829A0B5006 /* FilesImporter.swift */,
				B10203A1B1C241829A0B5008 /* DocumentImporter.swift */,
			);
			path = Import;
			sourceTree = "<group>";
		};
		C4D5E6F7A8B941829A0B3003 /* Services */ = {
			isa = PBXGroup;
			children = (
				B3C4D5E6F7A841829A0B3002 /* FileStorage.swift */,
			);
			path = Services;
			sourceTree = "<group>";
		};
		DB0E1F2031425341829A0B50 /* Documents */ = {
			isa = PBXGroup;
			children = (
				E6F7A8B9CADB41829A0B4002 /* EmptyDocumentsView.swift */,
				A8B9CADBECFD41829A0B4004 /* DocumentRow.swift */,
				A1B2C3D4E5F641829A0B8002 /* DocumentThumbnail.swift */,
				CADBECFD0E1F41829A0B4006 /* DocumentListView.swift */,
				B20204B2C2D341829A0B6002 /* PDFKitView.swift */,
				B30204B2C2D341829A0B6004 /* DocumentViewer.swift */,
				C20203A1B1C241829A0B5009 /* Import */,
			);
			path = Documents;
			sourceTree = "<group>";
		};
		FFB3C4D5E6F741829A0B8001 /* Resources */ = {
			isa = PBXGroup;
			children = (
				F2A2B3C4D5E641829A0B7002 /* tiny-jpeg.jpg */,
				F4A2B3C4D5E641829A0B7004 /* tiny-heic.heic */,
				F6A2B3C4D5E641829A0B7006 /* tiny-pdf.pdf */,
			);
			path = Resources;
			sourceTree = "<group>";
		};
/* End PBXGroup section */

/* Begin PBXNativeTarget section */
		3D1052717A9C44B78AE1DB74 /* Travellify */ = {
			isa = PBXNativeTarget;
			buildConfigurationList = 8CDD73EA412D460690FD44DB /* Build configuration list for PBXNativeTarget "Travellify" */;
			buildPhases = (
				8A4232BBCEEB498ABA81C38E /* Sources */,
				41A2F1C3811A4082930564AB /* Frameworks */,
				328E6A41664442069075386D /* Resources */,
			);
			buildRules = (
			);
			dependencies = (
			);
			name = Travellify;
			productName = Travellify;
			productReference = 8B62FF173AE841D5A7C3D845 /* Travellify.app */;
			productType = "com.apple.product-type.application";
		};
		D079076C9121413C8FAAB164 /* TravellifyTests */ = {
			isa = PBXNativeTarget;
			buildConfigurationList = 861B0AFA8228454EB63EDB3C /* Build configuration list for PBXNativeTarget "TravellifyTests" */;
			buildPhases = (
				2254D2B3CA9043AFBA55EAD9 /* Sources */,
				A99177F6B76443C78E8E5FA4 /* Frameworks */,
				FFB3C4D5E6F741829A0B8002 /* Resources */,
			);
			buildRules = (
			);
			dependencies = (
				833F825CFAB345C0A16A8404 /* PBXTargetDependency */,
			);
			name = TravellifyTests;
			productName = TravellifyTests;
			productReference = ED48D319307A48F7885D9E17 /* TravellifyTests.xctest */;
			productType = "com.apple.product-type.bundle.unit-test";
		};
/* End PBXNativeTarget section */

/* Begin PBXProject section */
		62710A3C58FE4A9E956301EB /* Project object */ = {
			isa = PBXProject;
			attributes = {
				BuildIndependentTargetsInParallel = 1;
				LastSwiftUpdateCheck = 2620;
				LastUpgradeCheck = 2620;
				TargetAttributes = {
					3D1052717A9C44B78AE1DB74 = {
						CreatedOnToolsVersion = 26.2;
					};
					D079076C9121413C8FAAB164 = {
						CreatedOnToolsVersion = 26.2;
						TestTargetID = 3D1052717A9C44B78AE1DB74;
					};
				};
			};
			buildConfigurationList = F6D0D056BAFD421382089A34 /* Build configuration list for PBXProject "Travellify" */;
			compatibilityVersion = "Xcode 14.0";
			developmentRegion = en;
			hasScannedForEncodings = 0;
			knownRegions = (
				en,
				Base,
			);
			mainGroup = 00E216F7ECAA4407B6915ED4;
			productRefGroup = 1A88E7EDCBE647058F78D825 /* Products */;
			projectDirPath = "";
			projectRoot = "";
			targets = (
				3D1052717A9C44B78AE1DB74 /* Travellify */,
				D079076C9121413C8FAAB164 /* TravellifyTests */,
			);
		};
/* End PBXProject section */

/* Begin PBXResourcesBuildPhase section */
		328E6A41664442069075386D /* Resources */ = {
			isa = PBXResourcesBuildPhase;
			buildActionMask = 2147483647;
			files = (
				7959EC94BAE94FA081E94236 /* Assets.xcassets in Resources */,
			);
			runOnlyForDeploymentPostprocessing = 0;
		};
		FFB3C4D5E6F741829A0B8002 /* Resources */ = {
			isa = PBXResourcesBuildPhase;
			buildActionMask = 2147483647;
			files = (
				F1A2B3C4D5E641829A0B7001 /* tiny-jpeg.jpg in Resources */,
				F3A2B3C4D5E641829A0B7003 /* tiny-heic.heic in Resources */,
				F5A2B3C4D5E641829A0B7005 /* tiny-pdf.pdf in Resources */,
			);
			runOnlyForDeploymentPostprocessing = 0;
		};
/* End PBXResourcesBuildPhase section */

/* Begin PBXSourcesBuildPhase section */
		2254D2B3CA9043AFBA55EAD9 /* Sources */ = {
			isa = PBXSourcesBuildPhase;
			buildActionMask = 2147483647;
			files = (
				A03B541307164A308252F470 /* SmokeTests.swift in Sources */,
				A7B8C9DAEBFC41829A0B2101 /* TripTests.swift in Sources */,
				C9DAEBFC0D1E41829A0B2201 /* SchemaTests.swift in Sources */,
				EBFC0D1E2F3041829A0B2301 /* PartitionTests.swift in Sources */,
				F7A2B3C4D5E641829A0B7007 /* FileStorageTests.swift in Sources */,
				F9A2B3C4D5E641829A0B7009 /* DocumentTests.swift in Sources */,
				FBA2B3C4D5E641829A0B700B /* ImportTests.swift in Sources */,
				FDA2B3C4D5E641829A0B700D /* ViewerTests.swift in Sources */,
				AA0304010203040506070801 /* PackingTests.swift in Sources */,
				AA0304010203040506070803 /* PackingProgressTests.swift in Sources */,
				AD0402020304050607081001 /* ActivityTests.swift in Sources */,
				AD0403010203040506070809 /* ActivityGroupingTests.swift in Sources */,
				AD040301020304050607080B /* DayLabelTests.swift in Sources */,
				AD0501010203040506070801 /* ReminderSchemaTests.swift in Sources */,
				AD050102030405060708090E /* ReminderFireDateTests.swift in Sources */,
				AD0404010203040506070801 /* NextUpcomingTests.swift in Sources */,
			);
			runOnlyForDeploymentPostprocessing = 0;
		};
		8A4232BBCEEB498ABA81C38E /* Sources */ = {
			isa = PBXSourcesBuildPhase;
			buildActionMask = 2147483647;
			files = (
				32C7289744ED44C78185F341 /* TravellifyApp.swift in Sources */,
				E79341E6B2E64A93B936E0EF /* ContentView.swift in Sources */,
				DAB9EE09C3DE4941957B13A3 /* SchemaV1.swift in Sources */,
				9606D2561BA244CE80053A3C /* Trip.swift in Sources */,
				4A51F3AAEB8F4855B1786D48 /* Destination.swift in Sources */,
				ADC768AD023D427DAB36400D /* Document.swift in Sources */,
				DA8160F4EA8340A3AB48030A /* PackingItem.swift in Sources */,
				AB1234567890ABCD01234501 /* PackingCategory.swift in Sources */,
				AB1234567890ABCD01234503 /* PackingListView.swift in Sources */,
				AB1234567890ABCD01234506 /* EmptyPackingListView.swift in Sources */,
				AB1234567890ABCD01234508 /* PackingProgressRow.swift in Sources */,
				AB1234567890ABCD0123450A /* CategoryHeader.swift in Sources */,
				AB1234567890ABCD0123450C /* PackingRow.swift in Sources */,
				164B93BCE9B64DA28F017D27 /* Activity.swift in Sources */,
				82E05B42C9FA4F7FB0742F3C /* PreviewContainer.swift in Sources */,
				AD0401020304050607080901 /* ActivityDateLabels.swift in Sources */,
				AD050102030405060708090A /* ReminderLeadTime.swift in Sources */,
				AD050102030405060708090C /* ReminderFireDate.swift in Sources */,
				AD0402030405060708090A01 /* ActivityEditSheet.swift in Sources */,
				AD0403010203040506070801 /* ActivityRow.swift in Sources */,
				AD0403010203040506070803 /* ActivityDayHeader.swift in Sources */,
				AD0403010203040506070805 /* EmptyActivitiesView.swift in Sources */,
				AD0403010203040506070807 /* ActivityListView.swift in Sources */,
				EC08EB1AE6974849AD6524CA /* AppDestination.swift in Sources */,
				F5AFBD3FA12441FA90797834 /* TripDetailView.swift in Sources */,
				C6DDDD0B27464CC9903FB903 /* TripRow.swift in Sources */,
				BFFB13523EEA457D8CA29242 /* TripEmptyState.swift in Sources */,
				AC1F76BACD9B45BC895B3F3E /* TripListView.swift in Sources */,
				FE0CC29EFA4C4426AEE16AAD /* TripEditSheet.swift in Sources */,
				B1A3C4D5E6F741829A0B1C2D /* DestinationDraft.swift in Sources */,
				A1B2C3D4E5F641829A0B1C2E /* TripDetailTab.swift in Sources */,
				C3D4E5F6A7B841829A0B1C30 /* TripDetailHeader.swift in Sources */,
				E5F6A7B8C9DA41829A0B1D32 /* TripPartition.swift in Sources */,
				A2B3C4D5E6F741829A0B3001 /* FileStorage.swift in Sources */,
				D5E6F7A8B9CA41829A0B4001 /* EmptyDocumentsView.swift in Sources */,
				F7A8B9CADBEC41829A0B4003 /* DocumentRow.swift in Sources */,
				A1B2C3D4E5F641829A0B8001 /* DocumentThumbnail.swift in Sources */,
				B9CADBECFD0E41829A0B4005 /* DocumentListView.swift in Sources */,
				AA0203A1B1C241829A0B5001 /* ScanView.swift in Sources */,
				CC0203A1B1C241829A0B5003 /* ScanPDFAssembler.swift in Sources */,
				EE0203A1B1C241829A0B5005 /* FilesImporter.swift in Sources */,
				A10203A1B1C241829A0B5007 /* DocumentImporter.swift in Sources */,
				A20204B2C2D341829A0B6001 /* PDFKitView.swift in Sources */,
				A30204B2C2D341829A0B6003 /* DocumentViewer.swift in Sources */,
			);
			runOnlyForDeploymentPostprocessing = 0;
		};
/* End PBXSourcesBuildPhase section */

/* Begin PBXTargetDependency section */
		833F825CFAB345C0A16A8404 /* PBXTargetDependency */ = {
			isa = PBXTargetDependency;
			target = 3D1052717A9C44B78AE1DB74 /* Travellify */;
			targetProxy = 2F43BC46A6D24E0B855282A3 /* PBXContainerItemProxy */;
		};
/* End PBXTargetDependency section */

/* Begin XCBuildConfiguration section */
		02DF5A6A80994977A6C882CE /* Debug */ = {
			isa = XCBuildConfiguration;
			buildSettings = {
				ALWAYS_SEARCH_USER_PATHS = NO;
				ASSETCATALOG_COMPILER_GENERATE_SWIFT_ASSET_SYMBOL_EXTENSIONS = YES;
				CLANG_ANALYZER_NONNULL = YES;
				CLANG_ANALYZER_NUMBER_OBJECT_CONVERSION = YES_AGGRESSIVE;
				CLANG_CXX_LANGUAGE_STANDARD = "gnu++20";
				CLANG_ENABLE_MODULES = YES;
				CLANG_ENABLE_OBJC_ARC = YES;
				CLANG_ENABLE_OBJC_WEAK = YES;
				CLANG_WARN_BLOCK_CAPTURE_AUTORELEASING = YES;
				CLANG_WARN_BOOL_CONVERSION = YES;
				CLANG_WARN_COMMA = YES;
				CLANG_WARN_CONSTANT_CONVERSION = YES;
				CLANG_WARN_DEPRECATED_OBJC_IMPLEMENTATIONS = YES;
				CLANG_WARN_DIRECT_OBJC_ISA_USAGE = YES_ERROR;
				CLANG_WARN_DOCUMENTATION_COMMENTS = YES;
				CLANG_WARN_EMPTY_BODY = YES;
				CLANG_WARN_ENUM_CONVERSION = YES;
				CLANG_WARN_INFINITE_RECURSION = YES;
				CLANG_WARN_INT_CONVERSION = YES;
				CLANG_WARN_NON_LITERAL_NULL_CONVERSION = YES;
				CLANG_WARN_OBJC_IMPLICIT_RETAIN_SELF = YES;
				CLANG_WARN_OBJC_LITERAL_CONVERSION = YES;
				CLANG_WARN_OBJC_ROOT_CLASS = YES_ERROR;
				CLANG_WARN_QUOTED_INCLUDE_IN_FRAMEWORK_HEADER = YES;
				CLANG_WARN_RANGE_LOOP_ANALYSIS = YES;
				CLANG_WARN_STRICT_PROTOTYPES = YES;
				CLANG_WARN_SUSPICIOUS_MOVE = YES;
				CLANG_WARN_UNGUARDED_AVAILABILITY = YES_AGGRESSIVE;
				CLANG_WARN_UNREACHABLE_CODE = YES;
				CLANG_WARN__DUPLICATE_METHOD_MATCH = YES;
				COPY_PHASE_STRIP = NO;
				DEBUG_INFORMATION_FORMAT = dwarf;
				ENABLE_STRICT_OBJC_MSGSEND = YES;
				ENABLE_TESTABILITY = YES;
				ENABLE_USER_SCRIPT_SANDBOXING = YES;
				GCC_C_LANGUAGE_STANDARD = gnu17;
				GCC_DYNAMIC_NO_PIC = NO;
				GCC_NO_COMMON_BLOCKS = YES;
				GCC_OPTIMIZATION_LEVEL = 0;
				GCC_PREPROCESSOR_DEFINITIONS = (
					"DEBUG=1",
					"$(inherited)",
				);
				GCC_WARN_64_TO_32_BIT_CONVERSION = YES;
				GCC_WARN_ABOUT_RETURN_TYPE = YES_ERROR;
				GCC_WARN_UNDECLARED_SELECTOR = YES;
				GCC_WARN_UNINITIALIZED_AUTOS = YES_AGGRESSIVE;
				GCC_WARN_UNUSED_FUNCTION = YES;
				GCC_WARN_UNUSED_VARIABLE = YES;
				IPHONEOS_DEPLOYMENT_TARGET = 26.0;
				LOCALIZATION_PREFERS_STRING_CATALOGS = YES;
				MTL_ENABLE_DEBUG_INFO = INCLUDE_SOURCE;
				MTL_FAST_MATH = YES;
				ONLY_ACTIVE_ARCH = YES;
				SDKROOT = iphoneos;
				SWIFT_ACTIVE_COMPILATION_CONDITIONS = "DEBUG $(inherited)";
				SWIFT_OPTIMIZATION_LEVEL = "-Onone";
			};
			name = Debug;
		};
		28C280389AA44251A040640F /* Release */ = {
			isa = XCBuildConfiguration;
			buildSettings = {
				ASSETCATALOG_COMPILER_APPICON_NAME = AppIcon;
				ASSETCATALOG_COMPILER_GLOBAL_ACCENT_COLOR_NAME = AccentColor;
				CODE_SIGNING_ALLOWED = YES;
				CODE_SIGN_IDENTITY = "Apple Development";
				CODE_SIGN_STYLE = Automatic;
				CURRENT_PROJECT_VERSION = 1;
				DEVELOPMENT_TEAM = J435K46CMV;
				GENERATE_INFOPLIST_FILE = YES;
				INFOPLIST_KEY_NSCameraUsageDescription = "Allow Travellify to use the camera to scan documents for your trips.";
				INFOPLIST_KEY_UIApplicationSceneManifest_Generation = YES;
				INFOPLIST_KEY_UILaunchScreen_Generation = YES;
				INFOPLIST_KEY_UISupportedInterfaceOrientations = UIInterfaceOrientationPortrait;
				IPHONEOS_DEPLOYMENT_TARGET = 26.0;
				LD_RUNPATH_SEARCH_PATHS = (
					"$(inherited)",
					"@executable_path/Frameworks",
				);
				MARKETING_VERSION = 1.0;
				PRODUCT_BUNDLE_IDENTIFIER = com.kespeee.travellify;
				PRODUCT_NAME = "$(TARGET_NAME)";
				PROVISIONING_PROFILE_SPECIFIER = "";
				SDKROOT = iphoneos;
				SWIFT_EMIT_LOC_STRINGS = YES;
				SWIFT_STRICT_CONCURRENCY = complete;
				SWIFT_VERSION = 6.0;
				TARGETED_DEVICE_FAMILY = 1;
			};
			name = Release;
		};
		2A75D0F60D534DC6BC22C37B /* Release */ = {
			isa = XCBuildConfiguration;
			buildSettings = {
				BUNDLE_LOADER = "$(TEST_HOST)";
				CODE_SIGNING_ALLOWED = NO;
				CODE_SIGN_IDENTITY = "Apple Development";
				CODE_SIGN_STYLE = Automatic;
				CURRENT_PROJECT_VERSION = 1;
				DEVELOPMENT_TEAM = J435K46CMV;
				GENERATE_INFOPLIST_FILE = YES;
				IPHONEOS_DEPLOYMENT_TARGET = 26.0;
				MARKETING_VERSION = 1.0;
				PRODUCT_BUNDLE_IDENTIFIER = com.kespeee.travellify;
				PRODUCT_NAME = "$(TARGET_NAME)";
				SDKROOT = iphoneos;
				SWIFT_STRICT_CONCURRENCY = complete;
				SWIFT_VERSION = 6.0;
				TARGETED_DEVICE_FAMILY = 1;
				TEST_HOST = "$(BUILT_PRODUCTS_DIR)/Travellify.app/$(BUNDLE_EXECUTABLE_FOLDER_PATH)/Travellify";
			};
			name = Release;
		};
		6D5F6923670F47878E332828 /* Release */ = {
			isa = XCBuildConfiguration;
			buildSettings = {
				ALWAYS_SEARCH_USER_PATHS = NO;
				ASSETCATALOG_COMPILER_GENERATE_SWIFT_ASSET_SYMBOL_EXTENSIONS = YES;
				CLANG_ANALYZER_NONNULL = YES;
				CLANG_ANALYZER_NUMBER_OBJECT_CONVERSION = YES_AGGRESSIVE;
				CLANG_CXX_LANGUAGE_STANDARD = "gnu++20";
				CLANG_ENABLE_MODULES = YES;
				CLANG_ENABLE_OBJC_ARC = YES;
				CLANG_ENABLE_OBJC_WEAK = YES;
				CLANG_WARN_BLOCK_CAPTURE_AUTORELEASING = YES;
				CLANG_WARN_BOOL_CONVERSION = YES;
				CLANG_WARN_COMMA = YES;
				CLANG_WARN_CONSTANT_CONVERSION = YES;
				CLANG_WARN_DEPRECATED_OBJC_IMPLEMENTATIONS = YES;
				CLANG_WARN_DIRECT_OBJC_ISA_USAGE = YES_ERROR;
				CLANG_WARN_DOCUMENTATION_COMMENTS = YES;
				CLANG_WARN_EMPTY_BODY = YES;
				CLANG_WARN_ENUM_CONVERSION = YES;
				CLANG_WARN_INFINITE_RECURSION = YES;
				CLANG_WARN_INT_CONVERSION = YES;
				CLANG_WARN_NON_LITERAL_NULL_CONVERSION = YES;
				CLANG_WARN_OBJC_IMPLICIT_RETAIN_SELF = YES;
				CLANG_WARN_OBJC_LITERAL_CONVERSION = YES;
				CLANG_WARN_OBJC_ROOT_CLASS = YES_ERROR;
				CLANG_WARN_QUOTED_INCLUDE_IN_FRAMEWORK_HEADER = YES;
				CLANG_WARN_RANGE_LOOP_ANALYSIS = YES;
				CLANG_WARN_STRICT_PROTOTYPES = YES;
				CLANG_WARN_SUSPICIOUS_MOVE = YES;
				CLANG_WARN_UNGUARDED_AVAILABILITY = YES_AGGRESSIVE;
				CLANG_WARN_UNREACHABLE_CODE = YES;
				CLANG_WARN__DUPLICATE_METHOD_MATCH = YES;
				COPY_PHASE_STRIP = NO;
				DEBUG_INFORMATION_FORMAT = "dwarf-with-dsym";
				ENABLE_NS_ASSERTIONS = NO;
				ENABLE_STRICT_OBJC_MSGSEND = YES;
				ENABLE_USER_SCRIPT_SANDBOXING = YES;
				GCC_C_LANGUAGE_STANDARD = gnu17;
				GCC_NO_COMMON_BLOCKS = YES;
				GCC_WARN_64_TO_32_BIT_CONVERSION = YES;
				GCC_WARN_ABOUT_RETURN_TYPE = YES_ERROR;
				GCC_WARN_UNDECLARED_SELECTOR = YES;
				GCC_WARN_UNINITIALIZED_AUTOS = YES_AGGRESSIVE;
				GCC_WARN_UNUSED_FUNCTION = YES;
				GCC_WARN_UNUSED_VARIABLE = YES;
				IPHONEOS_DEPLOYMENT_TARGET = 26.0;
				LOCALIZATION_PREFERS_STRING_CATALOGS = YES;
				MTL_FAST_MATH = YES;
				SDKROOT = iphoneos;
				SWIFT_COMPILATION_MODE = wholemodule;
			};
			name = Release;
		};
		BEFA5A357F5046E0B33E7284 /* Debug */ = {
			isa = XCBuildConfiguration;
			buildSettings = {
				ASSETCATALOG_COMPILER_APPICON_NAME = AppIcon;
				ASSETCATALOG_COMPILER_GLOBAL_ACCENT_COLOR_NAME = AccentColor;
				CODE_SIGNING_ALLOWED = YES;
				CODE_SIGN_IDENTITY = "Apple Development";
				CODE_SIGN_STYLE = Automatic;
				CURRENT_PROJECT_VERSION = 1;
				DEVELOPMENT_TEAM = J435K46CMV;
				GENERATE_INFOPLIST_FILE = YES;
				INFOPLIST_KEY_NSCameraUsageDescription = "Allow Travellify to use the camera to scan documents for your trips.";
				INFOPLIST_KEY_UIApplicationSceneManifest_Generation = YES;
				INFOPLIST_KEY_UILaunchScreen_Generation = YES;
				INFOPLIST_KEY_UISupportedInterfaceOrientations = UIInterfaceOrientationPortrait;
				IPHONEOS_DEPLOYMENT_TARGET = 26.0;
				LD_RUNPATH_SEARCH_PATHS = (
					"$(inherited)",
					"@executable_path/Frameworks",
				);
				MARKETING_VERSION = 1.0;
				PRODUCT_BUNDLE_IDENTIFIER = com.kespeee.travellify;
				PRODUCT_NAME = "$(TARGET_NAME)";
				PROVISIONING_PROFILE_SPECIFIER = "";
				SDKROOT = iphoneos;
				SWIFT_EMIT_LOC_STRINGS = YES;
				SWIFT_STRICT_CONCURRENCY = complete;
				SWIFT_VERSION = 6.0;
				TARGETED_DEVICE_FAMILY = 1;
			};
			name = Debug;
		};
		F25D67F39A6648D99D3B2D2F /* Debug */ = {
			isa = XCBuildConfiguration;
			buildSettings = {
				BUNDLE_LOADER = "$(TEST_HOST)";
				CODE_SIGNING_ALLOWED = NO;
				CODE_SIGN_IDENTITY = "Apple Development";
				"CODE_SIGN_IDENTITY[sdk=iphoneos*]" = "-";
				CODE_SIGN_STYLE = Automatic;
				CURRENT_PROJECT_VERSION = 1;
				DEVELOPMENT_TEAM = J435K46CMV;
				GENERATE_INFOPLIST_FILE = YES;
				IPHONEOS_DEPLOYMENT_TARGET = 26.0;
				MARKETING_VERSION = 1.0;
				PRODUCT_NAME = "$(TARGET_NAME)";
				SDKROOT = iphoneos;
				SWIFT_STRICT_CONCURRENCY = complete;
				SWIFT_VERSION = 6.0;
				TARGETED_DEVICE_FAMILY = 1;
				TEST_HOST = "$(BUILT_PRODUCTS_DIR)/Travellify.app/$(BUNDLE_EXECUTABLE_FOLDER_PATH)/Travellify";
			};
			name = Debug;
		};
/* End XCBuildConfiguration section */

/* Begin XCConfigurationList section */
		861B0AFA8228454EB63EDB3C /* Build configuration list for PBXNativeTarget "TravellifyTests" */ = {
			isa = XCConfigurationList;
			buildConfigurations = (
				F25D67F39A6648D99D3B2D2F /* Debug */,
				2A75D0F60D534DC6BC22C37B /* Release */,
			);
			defaultConfigurationIsVisible = 0;
			defaultConfigurationName = Release;
		};
		8CDD73EA412D460690FD44DB /* Build configuration list for PBXNativeTarget "Travellify" */ = {
			isa = XCConfigurationList;
			buildConfigurations = (
				BEFA5A357F5046E0B33E7284 /* Debug */,
				28C280389AA44251A040640F /* Release */,
			);
			defaultConfigurationIsVisible = 0;
			defaultConfigurationName = Release;
		};
		F6D0D056BAFD421382089A34 /* Build configuration list for PBXProject "Travellify" */ = {
			isa = XCConfigurationList;
			buildConfigurations = (
				02DF5A6A80994977A6C882CE /* Debug */,
				6D5F6923670F47878E332828 /* Release */,
			);
			defaultConfigurationIsVisible = 0;
			defaultConfigurationName = Release;
		};
/* End XCConfigurationList section */
	};
	rootObject = 62710A3C58FE4A9E956301EB /* Project object */;
}
