// !$*UTF8*$!
{
	archiveVersion = 1;
	classes = {
	};
	objectVersion = 77;
	objects = {

/* Begin PBXBuildFile section */
		32C7289744ED44C78185F341 /* TravellifyApp.swift in Sources */ = {isa = PBXBuildFile; fileRef = AECF7BF1958445ABAE8DBB1C /* TravellifyApp.swift */; };
		E79341E6B2E64A93B936E0EF /* ContentView.swift in Sources */ = {isa = PBXBuildFile; fileRef = C45B3032E22843EB8E8CEEEA /* ContentView.swift */; };
		7959EC94BAE94FA081E94236 /* Assets.xcassets in Resources */ = {isa = PBXBuildFile; fileRef = 4624762CA03944AD9F343273 /* Assets.xcassets */; };
		A03B541307164A308252F470 /* SmokeTests.swift in Sources */ = {isa = PBXBuildFile; fileRef = 5F81BBF1C8304F2A93A9BB45 /* SmokeTests.swift */; };
		DAB9EE09C3DE4941957B13A3 /* SchemaV1.swift in Sources */ = {isa = PBXBuildFile; fileRef = CE033F3DAFC84CB69D4BF232 /* SchemaV1.swift */; };
		9606D2561BA244CE80053A3C /* Trip.swift in Sources */ = {isa = PBXBuildFile; fileRef = 2548A0F099E74ECAA4F4BDAC /* Trip.swift */; };
		4A51F3AAEB8F4855B1786D48 /* Destination.swift in Sources */ = {isa = PBXBuildFile; fileRef = F2AAD8A4A4E44884A3B29AC9 /* Destination.swift */; };
		ADC768AD023D427DAB36400D /* Document.swift in Sources */ = {isa = PBXBuildFile; fileRef = BAA19DC35A7E403C82B2A2C1 /* Document.swift */; };
		DA8160F4EA8340A3AB48030A /* PackingItem.swift in Sources */ = {isa = PBXBuildFile; fileRef = 38C2043E5EB94875A1F8AAC2 /* PackingItem.swift */; };
		164B93BCE9B64DA28F017D27 /* Activity.swift in Sources */ = {isa = PBXBuildFile; fileRef = CB39561E92784D9CB3DAA446 /* Activity.swift */; };
		82E05B42C9FA4F7FB0742F3C /* PreviewContainer.swift in Sources */ = {isa = PBXBuildFile; fileRef = 00393B58B34D4064ACE82273 /* PreviewContainer.swift */; };
		EC08EB1AE6974849AD6524CA /* AppDestination.swift in Sources */ = {isa = PBXBuildFile; fileRef = 0A0B181D57824CCEA1807469 /* AppDestination.swift */; };
		F5AFBD3FA12441FA90797834 /* TripDetailView.swift in Sources */ = {isa = PBXBuildFile; fileRef = D03DF1084CE24F7898565D30 /* TripDetailView.swift */; };
		C6DDDD0B27464CC9903FB903 /* TripRow.swift in Sources */ = {isa = PBXBuildFile; fileRef = 5AC83BDE03704AC794C50953 /* TripRow.swift */; };
		BFFB13523EEA457D8CA29242 /* TripEmptyState.swift in Sources */ = {isa = PBXBuildFile; fileRef = 0E87B7FBF20644EBB0EEF22C /* TripEmptyState.swift */; };
/* End PBXBuildFile section */

/* Begin PBXContainerItemProxy section */
		2F43BC46A6D24E0B855282A3 /* PBXContainerItemProxy */ = {
			isa = PBXContainerItemProxy;
			containerPortal = 62710A3C58FE4A9E956301EB /* Project object */;
			proxyType = 1;
			remoteGlobalIDString = 3D1052717A9C44B78AE1DB74;
			remoteInfo = Travellify;
		};
/* End PBXContainerItemProxy section */

/* Begin PBXFileReference section */
		8B62FF173AE841D5A7C3D845 /* Travellify.app */ = {isa = PBXFileReference; explicitFileType = wrapper.application; includeInIndex = 0; path = Travellify.app; sourceTree = BUILT_PRODUCTS_DIR; };
		ED48D319307A48F7885D9E17 /* TravellifyTests.xctest */ = {isa = PBXFileReference; explicitFileType = wrapper.cfbundle; includeInIndex = 0; path = TravellifyTests.xctest; sourceTree = BUILT_PRODUCTS_DIR; };
		AECF7BF1958445ABAE8DBB1C /* TravellifyApp.swift */ = {isa = PBXFileReference; lastKnownFileType = sourcecode.swift; path = TravellifyApp.swift; sourceTree = "<group>"; };
		C45B3032E22843EB8E8CEEEA /* ContentView.swift */ = {isa = PBXFileReference; lastKnownFileType = sourcecode.swift; path = ContentView.swift; sourceTree = "<group>"; };
		4624762CA03944AD9F343273 /* Assets.xcassets */ = {isa = PBXFileReference; lastKnownFileType = folder.assetcatalog; path = Assets.xcassets; sourceTree = "<group>"; };
		5F81BBF1C8304F2A93A9BB45 /* SmokeTests.swift */ = {isa = PBXFileReference; lastKnownFileType = sourcecode.swift; path = SmokeTests.swift; sourceTree = "<group>"; };
		CE033F3DAFC84CB69D4BF232 /* SchemaV1.swift */ = {isa = PBXFileReference; lastKnownFileType = sourcecode.swift; path = SchemaV1.swift; sourceTree = "<group>"; };
		2548A0F099E74ECAA4F4BDAC /* Trip.swift */ = {isa = PBXFileReference; lastKnownFileType = sourcecode.swift; path = Trip.swift; sourceTree = "<group>"; };
		F2AAD8A4A4E44884A3B29AC9 /* Destination.swift */ = {isa = PBXFileReference; lastKnownFileType = sourcecode.swift; path = Destination.swift; sourceTree = "<group>"; };
		BAA19DC35A7E403C82B2A2C1 /* Document.swift */ = {isa = PBXFileReference; lastKnownFileType = sourcecode.swift; path = Document.swift; sourceTree = "<group>"; };
		38C2043E5EB94875A1F8AAC2 /* PackingItem.swift */ = {isa = PBXFileReference; lastKnownFileType = sourcecode.swift; path = PackingItem.swift; sourceTree = "<group>"; };
		CB39561E92784D9CB3DAA446 /* Activity.swift */ = {isa = PBXFileReference; lastKnownFileType = sourcecode.swift; path = Activity.swift; sourceTree = "<group>"; };
		00393B58B34D4064ACE82273 /* PreviewContainer.swift */ = {isa = PBXFileReference; lastKnownFileType = sourcecode.swift; path = PreviewContainer.swift; sourceTree = "<group>"; };
		0A0B181D57824CCEA1807469 /* AppDestination.swift */ = {isa = PBXFileReference; lastKnownFileType = sourcecode.swift; path = AppDestination.swift; sourceTree = "<group>"; };
		D03DF1084CE24F7898565D30 /* TripDetailView.swift */ = {isa = PBXFileReference; lastKnownFileType = sourcecode.swift; path = TripDetailView.swift; sourceTree = "<group>"; };
		5AC83BDE03704AC794C50953 /* TripRow.swift */ = {isa = PBXFileReference; lastKnownFileType = sourcecode.swift; path = TripRow.swift; sourceTree = "<group>"; };
		0E87B7FBF20644EBB0EEF22C /* TripEmptyState.swift */ = {isa = PBXFileReference; lastKnownFileType = sourcecode.swift; path = TripEmptyState.swift; sourceTree = "<group>"; };
/* End PBXFileReference section */

/* Begin PBXFrameworksBuildPhase section */
		41A2F1C3811A4082930564AB /* Frameworks */ = {
			isa = PBXFrameworksBuildPhase;
			buildActionMask = 2147483647;
			files = (
			);
			runOnlyForDeploymentPostprocessing = 0;
		};
		A99177F6B76443C78E8E5FA4 /* Frameworks */ = {
			isa = PBXFrameworksBuildPhase;
			buildActionMask = 2147483647;
			files = (
			);
			runOnlyForDeploymentPostprocessing = 0;
		};
/* End PBXFrameworksBuildPhase section */

/* Begin PBXGroup section */
		00E216F7ECAA4407B6915ED4 /* MainGroup */ = {
			isa = PBXGroup;
			children = (
				94AC54DBC8244B3396374DC8 /* Travellify */,
				6F9CB64631214585A9EF6ED5 /* TravellifyTests */,
				1A88E7EDCBE647058F78D825 /* Products */,
			);
			sourceTree = "<group>";
		};
		1A88E7EDCBE647058F78D825 /* Products */ = {
			isa = PBXGroup;
			children = (
				8B62FF173AE841D5A7C3D845 /* Travellify.app */,
				ED48D319307A48F7885D9E17 /* TravellifyTests.xctest */,
			);
			name = Products;
			sourceTree = "<group>";
		};
		94AC54DBC8244B3396374DC8 /* Travellify */ = {
			isa = PBXGroup;
			children = (
				BEB48BD077214DF394306B90 /* App */,
				68072AD986CE4CD4A1CC2806 /* Models */,
				92B685F2294C44158A8F2A84 /* Shared */,
				5562B32A48F5466CB919BC1F /* Features */,
				C45B3032E22843EB8E8CEEEA /* ContentView.swift */,
				4624762CA03944AD9F343273 /* Assets.xcassets */,
			);
			path = Travellify;
			sourceTree = "<group>";
		};
		5562B32A48F5466CB919BC1F /* Features */ = {
			isa = PBXGroup;
			children = (
				57143E37F16B43CF87DDD422 /* Trips */,
			);
			path = Features;
			sourceTree = "<group>";
		};
		68072AD986CE4CD4A1CC2806 /* Models */ = {
			isa = PBXGroup;
			children = (
				CE033F3DAFC84CB69D4BF232 /* SchemaV1.swift */,
				2548A0F099E74ECAA4F4BDAC /* Trip.swift */,
				F2AAD8A4A4E44884A3B29AC9 /* Destination.swift */,
				BAA19DC35A7E403C82B2A2C1 /* Document.swift */,
				38C2043E5EB94875A1F8AAC2 /* PackingItem.swift */,
				CB39561E92784D9CB3DAA446 /* Activity.swift */,
			);
			path = Models;
			sourceTree = "<group>";
		};
		92B685F2294C44158A8F2A84 /* Shared */ = {
			isa = PBXGroup;
			children = (
				00393B58B34D4064ACE82273 /* PreviewContainer.swift */,
			);
			path = Shared;
			sourceTree = "<group>";
		};
		BEB48BD077214DF394306B90 /* App */ = {
			isa = PBXGroup;
			children = (
				AECF7BF1958445ABAE8DBB1C /* TravellifyApp.swift */,
				0A0B181D57824CCEA1807469 /* AppDestination.swift */,
			);
			path = App;
			sourceTree = "<group>";
		};
		57143E37F16B43CF87DDD422 /* Trips */ = {
			isa = PBXGroup;
			children = (
				D03DF1084CE24F7898565D30 /* TripDetailView.swift */,
				5AC83BDE03704AC794C50953 /* TripRow.swift */,
				0E87B7FBF20644EBB0EEF22C /* TripEmptyState.swift */,
			);
			path = Trips;
			sourceTree = "<group>";
		};
		6F9CB64631214585A9EF6ED5 /* TravellifyTests */ = {
			isa = PBXGroup;
			children = (
				5F81BBF1C8304F2A93A9BB45 /* SmokeTests.swift */,
			);
			path = TravellifyTests;
			sourceTree = "<group>";
		};
/* End PBXGroup section */

/* Begin PBXNativeTarget section */
		3D1052717A9C44B78AE1DB74 /* Travellify */ = {
			isa = PBXNativeTarget;
			buildConfigurationList = 8CDD73EA412D460690FD44DB /* Build configuration list for PBXNativeTarget "Travellify" */;
			buildPhases = (
				8A4232BBCEEB498ABA81C38E /* Sources */,
				41A2F1C3811A4082930564AB /* Frameworks */,
				328E6A41664442069075386D /* Resources */,
			);
			buildRules = (
			);
			dependencies = (
			);
			name = Travellify;
			productName = Travellify;
			productReference = 8B62FF173AE841D5A7C3D845 /* Travellify.app */;
			productType = "com.apple.product-type.application";
		};
		D079076C9121413C8FAAB164 /* TravellifyTests */ = {
			isa = PBXNativeTarget;
			buildConfigurationList = 861B0AFA8228454EB63EDB3C /* Build configuration list for PBXNativeTarget "TravellifyTests" */;
			buildPhases = (
				2254D2B3CA9043AFBA55EAD9 /* Sources */,
				A99177F6B76443C78E8E5FA4 /* Frameworks */,
			);
			buildRules = (
			);
			dependencies = (
				833F825CFAB345C0A16A8404 /* PBXTargetDependency */,
			);
			name = TravellifyTests;
			productName = TravellifyTests;
			productReference = ED48D319307A48F7885D9E17 /* TravellifyTests.xctest */;
			productType = "com.apple.product-type.bundle.unit-test";
		};
/* End PBXNativeTarget section */

/* Begin PBXProject section */
		62710A3C58FE4A9E956301EB /* Project object */ = {
			isa = PBXProject;
			attributes = {
				BuildIndependentTargetsInParallel = 1;
				LastSwiftUpdateCheck = 2620;
				LastUpgradeCheck = 2620;
				TargetAttributes = {
					3D1052717A9C44B78AE1DB74 = {
						CreatedOnToolsVersion = 26.2;
					};
					D079076C9121413C8FAAB164 = {
						CreatedOnToolsVersion = 26.2;
						TestTargetID = 3D1052717A9C44B78AE1DB74;
					};
				};
			};
			buildConfigurationList = F6D0D056BAFD421382089A34 /* Build configuration list for PBXProject "Travellify" */;
			compatibilityVersion = "Xcode 14.0";
			developmentRegion = en;
			hasScannedForEncodings = 0;
			knownRegions = (
				en,
				Base,
			);
			mainGroup = 00E216F7ECAA4407B6915ED4;
			productRefGroup = 1A88E7EDCBE647058F78D825 /* Products */;
			projectDirPath = "";
			projectRoot = "";
			targets = (
				3D1052717A9C44B78AE1DB74 /* Travellify */,
				D079076C9121413C8FAAB164 /* TravellifyTests */,
			);
		};
/* End PBXProject section */

/* Begin PBXResourcesBuildPhase section */
		328E6A41664442069075386D /* Resources */ = {
			isa = PBXResourcesBuildPhase;
			buildActionMask = 2147483647;
			files = (
				7959EC94BAE94FA081E94236 /* Assets.xcassets in Resources */,
			);
			runOnlyForDeploymentPostprocessing = 0;
		};
/* End PBXResourcesBuildPhase section */

/* Begin PBXSourcesBuildPhase section */
		8A4232BBCEEB498ABA81C38E /* Sources */ = {
			isa = PBXSourcesBuildPhase;
			buildActionMask = 2147483647;
			files = (
				32C7289744ED44C78185F341 /* TravellifyApp.swift in Sources */,
				E79341E6B2E64A93B936E0EF /* ContentView.swift in Sources */,
				DAB9EE09C3DE4941957B13A3 /* SchemaV1.swift in Sources */,
				9606D2561BA244CE80053A3C /* Trip.swift in Sources */,
				4A51F3AAEB8F4855B1786D48 /* Destination.swift in Sources */,
				ADC768AD023D427DAB36400D /* Document.swift in Sources */,
				DA8160F4EA8340A3AB48030A /* PackingItem.swift in Sources */,
				164B93BCE9B64DA28F017D27 /* Activity.swift in Sources */,
				82E05B42C9FA4F7FB0742F3C /* PreviewContainer.swift in Sources */,
				EC08EB1AE6974849AD6524CA /* AppDestination.swift in Sources */,
				F5AFBD3FA12441FA90797834 /* TripDetailView.swift in Sources */,
				C6DDDD0B27464CC9903FB903 /* TripRow.swift in Sources */,
				BFFB13523EEA457D8CA29242 /* TripEmptyState.swift in Sources */,
			);
			runOnlyForDeploymentPostprocessing = 0;
		};
		2254D2B3CA9043AFBA55EAD9 /* Sources */ = {
			isa = PBXSourcesBuildPhase;
			buildActionMask = 2147483647;
			files = (
				A03B541307164A308252F470 /* SmokeTests.swift in Sources */,
			);
			runOnlyForDeploymentPostprocessing = 0;
		};
/* End PBXSourcesBuildPhase section */

/* Begin PBXTargetDependency section */
		833F825CFAB345C0A16A8404 /* PBXTargetDependency */ = {
			isa = PBXTargetDependency;
			target = 3D1052717A9C44B78AE1DB74 /* Travellify */;
			targetProxy = 2F43BC46A6D24E0B855282A3 /* PBXContainerItemProxy */;
		};
/* End PBXTargetDependency section */

/* Begin XCBuildConfiguration section */
		02DF5A6A80994977A6C882CE /* Debug */ = {
			isa = XCBuildConfiguration;
			buildSettings = {
				ALWAYS_SEARCH_USER_PATHS = NO;
				ASSETCATALOG_COMPILER_GENERATE_SWIFT_ASSET_SYMBOL_EXTENSIONS = YES;
				CLANG_ANALYZER_NONNULL = YES;
				CLANG_ANALYZER_NUMBER_OBJECT_CONVERSION = YES_AGGRESSIVE;
				CLANG_CXX_LANGUAGE_STANDARD = "gnu++20";
				CLANG_ENABLE_MODULES = YES;
				CLANG_ENABLE_OBJC_ARC = YES;
				CLANG_ENABLE_OBJC_WEAK = YES;
				CLANG_WARN_BLOCK_CAPTURE_AUTORELEASING = YES;
				CLANG_WARN_BOOL_CONVERSION = YES;
				CLANG_WARN_COMMA = YES;
				CLANG_WARN_CONSTANT_CONVERSION = YES;
				CLANG_WARN_DEPRECATED_OBJC_IMPLEMENTATIONS = YES;
				CLANG_WARN_DIRECT_OBJC_ISA_USAGE = YES_ERROR;
				CLANG_WARN_DOCUMENTATION_COMMENTS = YES;
				CLANG_WARN_EMPTY_BODY = YES;
				CLANG_WARN_ENUM_CONVERSION = YES;
				CLANG_WARN_INFINITE_RECURSION = YES;
				CLANG_WARN_INT_CONVERSION = YES;
				CLANG_WARN_NON_LITERAL_NULL_CONVERSION = YES;
				CLANG_WARN_OBJC_IMPLICIT_RETAIN_SELF = YES;
				CLANG_WARN_OBJC_LITERAL_CONVERSION = YES;
				CLANG_WARN_OBJC_ROOT_CLASS = YES_ERROR;
				CLANG_WARN_QUOTED_INCLUDE_IN_FRAMEWORK_HEADER = YES;
				CLANG_WARN_RANGE_LOOP_ANALYSIS = YES;
				CLANG_WARN_STRICT_PROTOTYPES = YES;
				CLANG_WARN_SUSPICIOUS_MOVE = YES;
				CLANG_WARN_UNGUARDED_AVAILABILITY = YES_AGGRESSIVE;
				CLANG_WARN_UNREACHABLE_CODE = YES;
				CLANG_WARN__DUPLICATE_METHOD_MATCH = YES;
				COPY_PHASE_STRIP = NO;
				DEBUG_INFORMATION_FORMAT = dwarf;
				ENABLE_STRICT_OBJC_MSGSEND = YES;
				ENABLE_TESTABILITY = YES;
				ENABLE_USER_SCRIPT_SANDBOXING = YES;
				GCC_C_LANGUAGE_STANDARD = gnu17;
				GCC_DYNAMIC_NO_PIC = NO;
				GCC_NO_COMMON_BLOCKS = YES;
				GCC_OPTIMIZATION_LEVEL = 0;
				GCC_PREPROCESSOR_DEFINITIONS = (
					"DEBUG=1",
					"$(inherited)",
				);
				GCC_WARN_64_TO_32_BIT_CONVERSION = YES;
				GCC_WARN_ABOUT_RETURN_TYPE = YES_ERROR;
				GCC_WARN_UNDECLARED_SELECTOR = YES;
				GCC_WARN_UNINITIALIZED_AUTOS = YES_AGGRESSIVE;
				GCC_WARN_UNUSED_FUNCTION = YES;
				GCC_WARN_UNUSED_VARIABLE = YES;
				IPHONEOS_DEPLOYMENT_TARGET = 17.0;
				LOCALIZATION_PREFERS_STRING_CATALOGS = YES;
				MTL_ENABLE_DEBUG_INFO = INCLUDE_SOURCE;
				MTL_FAST_MATH = YES;
				ONLY_ACTIVE_ARCH = YES;
				SDKROOT = iphoneos;
				SWIFT_ACTIVE_COMPILATION_CONDITIONS = "DEBUG $(inherited)";
				SWIFT_OPTIMIZATION_LEVEL = "-Onone";
			};
			name = Debug;
		};
		6D5F6923670F47878E332828 /* Release */ = {
			isa = XCBuildConfiguration;
			buildSettings = {
				ALWAYS_SEARCH_USER_PATHS = NO;
				ASSETCATALOG_COMPILER_GENERATE_SWIFT_ASSET_SYMBOL_EXTENSIONS = YES;
				CLANG_ANALYZER_NONNULL = YES;
				CLANG_ANALYZER_NUMBER_OBJECT_CONVERSION = YES_AGGRESSIVE;
				CLANG_CXX_LANGUAGE_STANDARD = "gnu++20";
				CLANG_ENABLE_MODULES = YES;
				CLANG_ENABLE_OBJC_ARC = YES;
				CLANG_ENABLE_OBJC_WEAK = YES;
				CLANG_WARN_BLOCK_CAPTURE_AUTORELEASING = YES;
				CLANG_WARN_BOOL_CONVERSION = YES;
				CLANG_WARN_COMMA = YES;
				CLANG_WARN_CONSTANT_CONVERSION = YES;
				CLANG_WARN_DEPRECATED_OBJC_IMPLEMENTATIONS = YES;
				CLANG_WARN_DIRECT_OBJC_ISA_USAGE = YES_ERROR;
				CLANG_WARN_DOCUMENTATION_COMMENTS = YES;
				CLANG_WARN_EMPTY_BODY = YES;
				CLANG_WARN_ENUM_CONVERSION = YES;
				CLANG_WARN_INFINITE_RECURSION = YES;
				CLANG_WARN_INT_CONVERSION = YES;
				CLANG_WARN_NON_LITERAL_NULL_CONVERSION = YES;
				CLANG_WARN_OBJC_IMPLICIT_RETAIN_SELF = YES;
				CLANG_WARN_OBJC_LITERAL_CONVERSION = YES;
				CLANG_WARN_OBJC_ROOT_CLASS = YES_ERROR;
				CLANG_WARN_QUOTED_INCLUDE_IN_FRAMEWORK_HEADER = YES;
				CLANG_WARN_RANGE_LOOP_ANALYSIS = YES;
				CLANG_WARN_STRICT_PROTOTYPES = YES;
				CLANG_WARN_SUSPICIOUS_MOVE = YES;
				CLANG_WARN_UNGUARDED_AVAILABILITY = YES_AGGRESSIVE;
				CLANG_WARN_UNREACHABLE_CODE = YES;
				CLANG_WARN__DUPLICATE_METHOD_MATCH = YES;
				COPY_PHASE_STRIP = NO;
				DEBUG_INFORMATION_FORMAT = "dwarf-with-dsym";
				ENABLE_NS_ASSERTIONS = NO;
				ENABLE_STRICT_OBJC_MSGSEND = YES;
				ENABLE_USER_SCRIPT_SANDBOXING = YES;
				GCC_C_LANGUAGE_STANDARD = gnu17;
				GCC_NO_COMMON_BLOCKS = YES;
				GCC_WARN_64_TO_32_BIT_CONVERSION = YES;
				GCC_WARN_ABOUT_RETURN_TYPE = YES_ERROR;
				GCC_WARN_UNDECLARED_SELECTOR = YES;
				GCC_WARN_UNINITIALIZED_AUTOS = YES_AGGRESSIVE;
				GCC_WARN_UNUSED_FUNCTION = YES;
				GCC_WARN_UNUSED_VARIABLE = YES;
				IPHONEOS_DEPLOYMENT_TARGET = 17.0;
				LOCALIZATION_PREFERS_STRING_CATALOGS = YES;
				MTL_FAST_MATH = YES;
				SDKROOT = iphoneos;
				SWIFT_COMPILATION_MODE = wholemodule;
			};
			name = Release;
		};
		BEFA5A357F5046E0B33E7284 /* Debug */ = {
			isa = XCBuildConfiguration;
			buildSettings = {
				ASSETCATALOG_COMPILER_APPICON_NAME = AppIcon;
				ASSETCATALOG_COMPILER_GLOBAL_ACCENT_COLOR_NAME = AccentColor;
				CODE_SIGN_STYLE = Automatic;
				CODE_SIGNING_ALLOWED = NO;
				CURRENT_PROJECT_VERSION = 1;
				DEVELOPMENT_TEAM = "";
				GENERATE_INFOPLIST_FILE = YES;
				INFOPLIST_KEY_UIApplicationSceneManifest_Generation = YES;
				INFOPLIST_KEY_UILaunchScreen_Generation = YES;
				INFOPLIST_KEY_UISupportedInterfaceOrientations = UIInterfaceOrientationPortrait;
				IPHONEOS_DEPLOYMENT_TARGET = 17.0;
				LD_RUNPATH_SEARCH_PATHS = (
					"$(inherited)",
					"@executable_path/Frameworks",
				);
				MARKETING_VERSION = 1.0;
				PRODUCT_BUNDLE_IDENTIFIER = com.kespeee.travellify;
				PRODUCT_NAME = "$(TARGET_NAME)";
				SDKROOT = iphoneos;
				SWIFT_EMIT_LOC_STRINGS = YES;
				SWIFT_STRICT_CONCURRENCY = complete;
				SWIFT_VERSION = 6.0;
				TARGETED_DEVICE_FAMILY = 1;
			};
			name = Debug;
		};
		28C280389AA44251A040640F /* Release */ = {
			isa = XCBuildConfiguration;
			buildSettings = {
				ASSETCATALOG_COMPILER_APPICON_NAME = AppIcon;
				ASSETCATALOG_COMPILER_GLOBAL_ACCENT_COLOR_NAME = AccentColor;
				CODE_SIGN_STYLE = Automatic;
				CODE_SIGNING_ALLOWED = NO;
				CURRENT_PROJECT_VERSION = 1;
				DEVELOPMENT_TEAM = "";
				GENERATE_INFOPLIST_FILE = YES;
				INFOPLIST_KEY_UIApplicationSceneManifest_Generation = YES;
				INFOPLIST_KEY_UILaunchScreen_Generation = YES;
				INFOPLIST_KEY_UISupportedInterfaceOrientations = UIInterfaceOrientationPortrait;
				IPHONEOS_DEPLOYMENT_TARGET = 17.0;
				LD_RUNPATH_SEARCH_PATHS = (
					"$(inherited)",
					"@executable_path/Frameworks",
				);
				MARKETING_VERSION = 1.0;
				PRODUCT_BUNDLE_IDENTIFIER = com.kespeee.travellify;
				PRODUCT_NAME = "$(TARGET_NAME)";
				SDKROOT = iphoneos;
				SWIFT_EMIT_LOC_STRINGS = YES;
				SWIFT_STRICT_CONCURRENCY = complete;
				SWIFT_VERSION = 6.0;
				TARGETED_DEVICE_FAMILY = 1;
			};
			name = Release;
		};
		F25D67F39A6648D99D3B2D2F /* Debug */ = {
			isa = XCBuildConfiguration;
			buildSettings = {
				BUNDLE_LOADER = "$(TEST_HOST)";
				CODE_SIGN_STYLE = Automatic;
				CODE_SIGNING_ALLOWED = NO;
				CURRENT_PROJECT_VERSION = 1;
				DEVELOPMENT_TEAM = "";
				GENERATE_INFOPLIST_FILE = YES;
				IPHONEOS_DEPLOYMENT_TARGET = 17.0;
				MARKETING_VERSION = 1.0;
				PRODUCT_BUNDLE_IDENTIFIER = com.kespeee.travellify.tests;
				PRODUCT_NAME = "$(TARGET_NAME)";
				SDKROOT = iphoneos;
				SWIFT_STRICT_CONCURRENCY = complete;
				SWIFT_VERSION = 6.0;
				TARGETED_DEVICE_FAMILY = 1;
				TEST_HOST = "$(BUILT_PRODUCTS_DIR)/Travellify.app/$(BUNDLE_EXECUTABLE_FOLDER_PATH)/Travellify";
			};
			name = Debug;
		};
		2A75D0F60D534DC6BC22C37B /* Release */ = {
			isa = XCBuildConfiguration;
			buildSettings = {
				BUNDLE_LOADER = "$(TEST_HOST)";
				CODE_SIGN_STYLE = Automatic;
				CODE_SIGNING_ALLOWED = NO;
				CURRENT_PROJECT_VERSION = 1;
				DEVELOPMENT_TEAM = "";
				GENERATE_INFOPLIST_FILE = YES;
				IPHONEOS_DEPLOYMENT_TARGET = 17.0;
				MARKETING_VERSION = 1.0;
				PRODUCT_BUNDLE_IDENTIFIER = com.kespeee.travellify.tests;
				PRODUCT_NAME = "$(TARGET_NAME)";
				SDKROOT = iphoneos;
				SWIFT_STRICT_CONCURRENCY = complete;
				SWIFT_VERSION = 6.0;
				TARGETED_DEVICE_FAMILY = 1;
				TEST_HOST = "$(BUILT_PRODUCTS_DIR)/Travellify.app/$(BUNDLE_EXECUTABLE_FOLDER_PATH)/Travellify";
			};
			name = Release;
		};
/* End XCBuildConfiguration section */

/* Begin XCConfigurationList section */
		F6D0D056BAFD421382089A34 /* Build configuration list for PBXProject "Travellify" */ = {
			isa = XCConfigurationList;
			buildConfigurations = (
				02DF5A6A80994977A6C882CE /* Debug */,
				6D5F6923670F47878E332828 /* Release */,
			);
			defaultConfigurationIsVisible = 0;
			defaultConfigurationName = Release;
		};
		8CDD73EA412D460690FD44DB /* Build configuration list for PBXNativeTarget "Travellify" */ = {
			isa = XCConfigurationList;
			buildConfigurations = (
				BEFA5A357F5046E0B33E7284 /* Debug */,
				28C280389AA44251A040640F /* Release */,
			);
			defaultConfigurationIsVisible = 0;
			defaultConfigurationName = Release;
		};
		861B0AFA8228454EB63EDB3C /* Build configuration list for PBXNativeTarget "TravellifyTests" */ = {
			isa = XCConfigurationList;
			buildConfigurations = (
				F25D67F39A6648D99D3B2D2F /* Debug */,
				2A75D0F60D534DC6BC22C37B /* Release */,
			);
			defaultConfigurationIsVisible = 0;
			defaultConfigurationName = Release;
		};
/* End XCConfigurationList section */

	};
	rootObject = 62710A3C58FE4A9E956301EB /* Project object */;
}
